
Microsoft Visual Studio Solution File, Format Version 12.00
Project("{FAE04EC0-301F-11D3-BF4B-00C04F79EFBC}") = "Console", "Console\Console.csproj", "{5A2ED98F-BDFA-4767-B1C2-DC6E672D1155}"
EndProject
Project("{FAE04EC0-301F-11D3-BF4B-00C04F79EFBC}") = "Core", "Core\Core.csproj", "{3C27D16F-BE9E-4BAA-BBA0-3EF63ABF3124}"
EndProject
Project("{FAE04EC0-301F-11D3-BF4B-00C04F79EFBC}") = "InputAdapters", "InputAdapters\InputAdapters.csproj", "{57ACCBD4-353E-4FCB-B2B0-A7257DB96467}"
EndProject
Project("{FAE04EC0-301F-11D3-BF4B-00C04F79EFBC}") = "OutputAdapters", "OutputAdapters\OutputAdapters.csproj", "{760E7673-E7BD-4755-9CBB-C612B20E37AE}"
EndProject
Project("{FAE04EC0-301F-11D3-BF4B-00C04F79EFBC}") = "OutputPorts", "OutputPorts\OutputPorts.csproj", "{DF9E0CB9-6192-4ED2-A9E7-3BFA1FC6AB55}"
EndProject
Project("{2150E333-8FDC-42A3-9474-1A3956D46DE8}") = "Adapters", "Adapters", "{989A0097-FA42-4355-8FB4-BB62D60AE11A}"
EndProject
Project("{2150E333-8FDC-42A3-9474-1A3956D46DE8}") = "Ports", "Ports", "{3F8C3FD5-A7C5-40C1-810C-345DCB1CDFFC}"
EndProject
Project("{FAE04EC0-301F-11D3-BF4B-00C04F79EFBC}") = "InputPortss", "Ports\InputPortss\InputPortss.csproj", "{7B220D7F-2288-44BA-BE93-C8DC467DEC20}"
EndProject
Project("{2150E333-8FDC-42A3-9474-1A3956D46DE8}") = "Core", "Core", "{370E4BA6-33B9-4B56-AD25-CB056870697B}"
EndProject
Global
	GlobalSection(SolutionConfigurationPlatforms) = preSolution
		Debug|Any CPU = Debug|Any CPU
		Release|Any CPU = Release|Any CPU
	EndGlobalSection
	GlobalSection(ProjectConfigurationPlatforms) = postSolution
		{5A2ED98F-BDFA-4767-B1C2-DC6E672D1155}.Debug|Any CPU.ActiveCfg = Debug|Any CPU
		{5A2ED98F-BDFA-4767-B1C2-DC6E672D1155}.Debug|Any CPU.Build.0 = Debug|Any CPU
		{5A2ED98F-BDFA-4767-B1C2-DC6E672D1155}.Release|Any CPU.ActiveCfg = Release|Any CPU
		{5A2ED98F-BDFA-4767-B1C2-DC6E672D1155}.Release|Any CPU.Build.0 = Release|Any CPU
		{3C27D16F-BE9E-4BAA-BBA0-3EF63ABF3124}.Debug|Any CPU.ActiveCfg = Debug|Any CPU
		{3C27D16F-BE9E-4BAA-BBA0-3EF63ABF3124}.Debug|Any CPU.Build.0 = Debug|Any CPU
		{3C27D16F-BE9E-4BAA-BBA0-3EF63ABF3124}.Release|Any CPU.ActiveCfg = Release|Any CPU
		{3C27D16F-BE9E-4BAA-BBA0-3EF63ABF3124}.Release|Any CPU.Build.0 = Release|Any CPU
		{57ACCBD4-353E-4FCB-B2B0-A7257DB96467}.Debug|Any CPU.ActiveCfg = Debug|Any CPU
		{57ACCBD4-353E-4FCB-B2B0-A7257DB96467}.Debug|Any CPU.Build.0 = Debug|Any CPU
		{57ACCBD4-353E-4FCB-B2B0-A7257DB96467}.Release|Any CPU.ActiveCfg = Release|Any CPU
		{57ACCBD4-353E-4FCB-B2B0-A7257DB96467}.Release|Any CPU.Build.0 = Release|Any CPU
		{760E7673-E7BD-4755-9CBB-C612B20E37AE}.Debug|Any CPU.ActiveCfg = Debug|Any CPU
		{760E7673-E7BD-4755-9CBB-C612B20E37AE}.Debug|Any CPU.Build.0 = Debug|Any CPU
		{760E7673-E7BD-4755-9CBB-C612B20E37AE}.Release|Any CPU.ActiveCfg = Release|Any CPU
		{760E7673-E7BD-4755-9CBB-C612B20E37AE}.Release|Any CPU.Build.0 = Release|Any CPU
		{DF9E0CB9-6192-4ED2-A9E7-3BFA1FC6AB55}.Debug|Any CPU.ActiveCfg = Debug|Any CPU
		{DF9E0CB9-6192-4ED2-A9E7-3BFA1FC6AB55}.Debug|Any CPU.Build.0 = Debug|Any CPU
		{DF9E0CB9-6192-4ED2-A9E7-3BFA1FC6AB55}.Release|Any CPU.ActiveCfg = Release|Any CPU
		{DF9E0CB9-6192-4ED2-A9E7-3BFA1FC6AB55}.Release|Any CPU.Build.0 = Release|Any CPU
		{7B220D7F-2288-44BA-BE93-C8DC467DEC20}.Debug|Any CPU.ActiveCfg = Debug|Any CPU
		{7B220D7F-2288-44BA-BE93-C8DC467DEC20}.Debug|Any CPU.Build.0 = Debug|Any CPU
		{7B220D7F-2288-44BA-BE93-C8DC467DEC20}.Release|Any CPU.ActiveCfg = Release|Any CPU
		{7B220D7F-2288-44BA-BE93-C8DC467DEC20}.Release|Any CPU.Build.0 = Release|Any CPU
	EndGlobalSection
	GlobalSection(NestedProjects) = preSolution
		{760E7673-E7BD-4755-9CBB-C612B20E37AE} = {989A0097-FA42-4355-8FB4-BB62D60AE11A}
		{57ACCBD4-353E-4FCB-B2B0-A7257DB96467} = {989A0097-FA42-4355-8FB4-BB62D60AE11A}
		{DF9E0CB9-6192-4ED2-A9E7-3BFA1FC6AB55} = {3F8C3FD5-A7C5-40C1-810C-345DCB1CDFFC}
		{7B220D7F-2288-44BA-BE93-C8DC467DEC20} = {3F8C3FD5-A7C5-40C1-810C-345DCB1CDFFC}
		{3C27D16F-BE9E-4BAA-BBA0-3EF63ABF3124} = {370E4BA6-33B9-4B56-AD25-CB056870697B}
	EndGlobalSection
EndGlobal
